// !$*UTF8*$!
{
	archiveVersion = 1;
	classes = {
	};
	objectVersion = 56;
	objects = {

/* Begin PBXBuildFile section */
		258A2D6D2B8EF4E400A19606 /* StackAppApp.swift in Sources */ = {isa = PBXBuildFile; fileRef = 258A2D6C2B8EF4E400A19606 /* StackAppApp.swift */; };
		258A2D6F2B8EF4E400A19606 /* ContentView.swift in Sources */ = {isa = PBXBuildFile; fileRef = 258A2D6E2B8EF4E400A19606 /* ContentView.swift */; };
		258A2D712B8EF4E600A19606 /* Assets.xcassets in Resources */ = {isa = PBXBuildFile; fileRef = 258A2D702B8EF4E600A19606 /* Assets.xcassets */; };
		258A2D742B8EF4E600A19606 /* Preview Assets.xcassets in Resources */ = {isa = PBXBuildFile; fileRef = 258A2D732B8EF4E600A19606 /* Preview Assets.xcassets */; };
		258A2D7E2B8EF4E600A19606 /* StackAppTests.swift in Sources */ = {isa = PBXBuildFile; fileRef = 258A2D7D2B8EF4E600A19606 /* StackAppTests.swift */; };
		258A2D882B8EF4E600A19606 /* StackAppUITests.swift in Sources */ = {isa = PBXBuildFile; fileRef = 258A2D872B8EF4E600A19606 /* StackAppUITests.swift */; };
		258A2D8A2B8EF4E600A19606 /* StackAppUITestsLaunchTests.swift in Sources */ = {isa = PBXBuildFile; fileRef = 258A2D892B8EF4E600A19606 /* StackAppUITestsLaunchTests.swift */; };
/* End PBXBuildFile section */

/* Begin PBXContainerItemProxy section */
		258A2D7A2B8EF4E600A19606 /* PBXContainerItemProxy */ = {
			isa = PBXContainerItemProxy;
			containerPortal = 258A2D612B8EF4E400A19606 /* Project object */;
			proxyType = 1;
			remoteGlobalIDString = 258A2D682B8EF4E400A19606;
			remoteInfo = StackApp;
		};
		258A2D842B8EF4E600A19606 /* PBXContainerItemProxy */ = {
			isa = PBXContainerItemProxy;
			containerPortal = 258A2D612B8EF4E400A19606 /* Project object */;
			proxyType = 1;
			remoteGlobalIDString = 258A2D682B8EF4E400A19606;
			remoteInfo = StackApp;
		};
/* End PBXContainerItemProxy section */

/* Begin PBXFileReference section */
		258A2D692B8EF4E400A19606 /* StackApp.app */ = {isa = PBXFileReference; explicitFileType = wrapper.application; includeInIndex = 0; path = StackApp.app; sourceTree = BUILT_PRODUCTS_DIR; };
		258A2D6C2B8EF4E400A19606 /* StackAppApp.swift */ = {isa = PBXFileReference; lastKnownFileType = sourcecode.swift; path = StackAppApp.swift; sourceTree = "<group>"; };
		258A2D6E2B8EF4E400A19606 /* ContentView.swift */ = {isa = PBXFileReference; lastKnownFileType = sourcecode.swift; path = ContentView.swift; sourceTree = "<group>"; };
		258A2D702B8EF4E600A19606 /* Assets.xcassets */ = {isa = PBXFileReference; lastKnownFileType = folder.assetcatalog; path = Assets.xcassets; sourceTree = "<group>"; };
		258A2D732B8EF4E600A19606 /* Preview Assets.xcassets */ = {isa = PBXFileReference; lastKnownFileType = folder.assetcatalog; path = "Preview Assets.xcassets"; sourceTree = "<group>"; };
		258A2D792B8EF4E600A19606 /* StackAppTests.xctest */ = {isa = PBXFileReference; explicitFileType = wrapper.cfbundle; includeInIndex = 0; path = StackAppTests.xctest; sourceTree = BUILT_PRODUCTS_DIR; };
		258A2D7D2B8EF4E600A19606 /* StackAppTests.swift */ = {isa = PBXFileReference; lastKnownFileType = sourcecode.swift; path = StackAppTests.swift; sourceTree = "<group>"; };
		258A2D832B8EF4E600A19606 /* StackAppUITests.xctest */ = {isa = PBXFileReference; explicitFileType = wrapper.cfbundle; includeInIndex = 0; path = StackAppUITests.xctest; sourceTree = BUILT_PRODUCTS_DIR; };
		258A2D872B8EF4E600A19606 /* StackAppUITests.swift */ = {isa = PBXFileReference; lastKnownFileType = sourcecode.swift; path = StackAppUITests.swift; sourceTree = "<group>"; };
		258A2D892B8EF4E600A19606 /* StackAppUITestsLaunchTests.swift */ = {isa = PBXFileReference; lastKnownFileType = sourcecode.swift; path = StackAppUITestsLaunchTests.swift; sourceTree = "<group>"; };
/* End PBXFileReference section */

/* Begin PBXFrameworksBuildPhase section */
		258A2D662B8EF4E400A19606 /* Frameworks */ = {
			isa = PBXFrameworksBuildPhase;
			buildActionMask = 2147483647;
			files = (
			);
			runOnlyForDeploymentPostprocessing = 0;
		};
		258A2D762B8EF4E600A19606 /* Frameworks */ = {
			isa = PBXFrameworksBuildPhase;
			buildActionMask = 2147483647;
			files = (
			);
			runOnlyForDeploymentPostprocessing = 0;
		};
		258A2D802B8EF4E600A19606 /* Frameworks */ = {
			isa = PBXFrameworksBuildPhase;
			buildActionMask = 2147483647;
			files = (
			);
			runOnlyForDeploymentPostprocessing = 0;
		};
/* End PBXFrameworksBuildPhase section */

/* Begin PBXGroup section */
		258A2D602B8EF4E400A19606 = {
			isa = PBXGroup;
			children = (
				258A2D6B2B8EF4E400A19606 /* StackApp */,
				258A2D7C2B8EF4E600A19606 /* StackAppTests */,
				258A2D862B8EF4E600A19606 /* StackAppUITests */,
				258A2D6A2B8EF4E400A19606 /* Products */,
			);
			sourceTree = "<group>";
		};
		258A2D6A2B8EF4E400A19606 /* Products */ = {
			isa = PBXGroup;
			children = (
				258A2D692B8EF4E400A19606 /* StackApp.app */,
				258A2D792B8EF4E600A19606 /* StackAppTests.xctest */,
				258A2D832B8EF4E600A19606 /* StackAppUITests.xctest */,
			);
			name = Products;
			sourceTree = "<group>";
		};
		258A2D6B2B8EF4E400A19606 /* StackApp */ = {
			isa = PBXGroup;
			children = (
				258A2D6C2B8EF4E400A19606 /* StackAppApp.swift */,
				258A2D6E2B8EF4E400A19606 /* ContentView.swift */,
				258A2D702B8EF4E600A19606 /* Assets.xcassets */,
				258A2D722B8EF4E600A19606 /* Preview Content */,
			);
			path = StackApp;
			sourceTree = "<group>";
		};
		258A2D722B8EF4E600A19606 /* Preview Content */ = {
			isa = PBXGroup;
			children = (
				258A2D732B8EF4E600A19606 /* Preview Assets.xcassets */,
			);
			path = "Preview Content";
			sourceTree = "<group>";
		};
		258A2D7C2B8EF4E600A19606 /* StackAppTests */ = {
			isa = PBXGroup;
			children = (
				258A2D7D2B8EF4E600A19606 /* StackAppTests.swift */,
			);
			path = StackAppTests;
			sourceTree = "<group>";
		};
		258A2D862B8EF4E600A19606 /* StackAppUITests */ = {
			isa = PBXGroup;
			children = (
				258A2D872B8EF4E600A19606 /* StackAppUITests.swift */,
				258A2D892B8EF4E600A19606 /* StackAppUITestsLaunchTests.swift */,
			);
			path = StackAppUITests;
			sourceTree = "<group>";
		};
/* End PBXGroup section */

/* Begin PBXNativeTarget section */
		258A2D682B8EF4E400A19606 /* StackApp */ = {
			isa = PBXNativeTarget;
			buildConfigurationList = 258A2D8D2B8EF4E600A19606 /* Build configuration list for PBXNativeTarget "StackApp" */;
			buildPhases = (
				258A2D652B8EF4E400A19606 /* Sources */,
				258A2D662B8EF4E400A19606 /* Frameworks */,
				258A2D672B8EF4E400A19606 /* Resources */,
			);
			buildRules = (
			);
			dependencies = (
			);
			name = StackApp;
			productName = StackApp;
			productReference = 258A2D692B8EF4E400A19606 /* StackApp.app */;
			productType = "com.apple.product-type.application";
		};
		258A2D782B8EF4E600A19606 /* StackAppTests */ = {
			isa = PBXNativeTarget;
			buildConfigurationList = 258A2D902B8EF4E600A19606 /* Build configuration list for PBXNativeTarget "StackAppTests" */;
			buildPhases = (
				258A2D752B8EF4E600A19606 /* Sources */,
				258A2D762B8EF4E600A19606 /* Frameworks */,
				258A2D772B8EF4E600A19606 /* Resources */,
			);
			buildRules = (
			);
			dependencies = (
				258A2D7B2B8EF4E600A19606 /* PBXTargetDependency */,
			);
			name = StackAppTests;
			productName = StackAppTests;
			productReference = 258A2D792B8EF4E600A19606 /* StackAppTests.xctest */;
			productType = "com.apple.product-type.bundle.unit-test";
		};
		258A2D822B8EF4E600A19606 /* StackAppUITests */ = {
			isa = PBXNativeTarget;
			buildConfigurationList = 258A2D932B8EF4E600A19606 /* Build configuration list for PBXNativeTarget "StackAppUITests" */;
			buildPhases = (
				258A2D7F2B8EF4E600A19606 /* Sources */,
				258A2D802B8EF4E600A19606 /* Frameworks */,
				258A2D812B8EF4E600A19606 /* Resources */,
			);
			buildRules = (
			);
			dependencies = (
				258A2D852B8EF4E600A19606 /* PBXTargetDependency */,
			);
			name = StackAppUITests;
			productName = StackAppUITests;
			productReference = 258A2D832B8EF4E600A19606 /* StackAppUITests.xctest */;
			productType = "com.apple.product-type.bundle.ui-testing";
		};
/* End PBXNativeTarget section */

/* Begin PBXProject section */
		258A2D612B8EF4E400A19606 /* Project object */ = {
			isa = PBXProject;
			attributes = {
				BuildIndependentTargetsInParallel = 1;
				LastSwiftUpdateCheck = 1520;
				LastUpgradeCheck = 1520;
				TargetAttributes = {
					258A2D682B8EF4E400A19606 = {
						CreatedOnToolsVersion = 15.2;
					};
					258A2D782B8EF4E600A19606 = {
						CreatedOnToolsVersion = 15.2;
						TestTargetID = 258A2D682B8EF4E400A19606;
					};
					258A2D822B8EF4E600A19606 = {
						CreatedOnToolsVersion = 15.2;
						TestTargetID = 258A2D682B8EF4E400A19606;
					};
				};
			};
			buildConfigurationList = 258A2D642B8EF4E400A19606 /* Build configuration list for PBXProject "StackApp" */;
			compatibilityVersion = "Xcode 14.0";
			developmentRegion = en;
			hasScannedForEncodings = 0;
			knownRegions = (
				en,
				Base,
			);
			mainGroup = 258A2D602B8EF4E400A19606;
			productRefGroup = 258A2D6A2B8EF4E400A19606 /* Products */;
			projectDirPath = "";
			projectRoot = "";
			targets = (
				258A2D682B8EF4E400A19606 /* StackApp */,
				258A2D782B8EF4E600A19606 /* StackAppTests */,
				258A2D822B8EF4E600A19606 /* StackAppUITests */,
			);
		};
/* End PBXProject section */

/* Begin PBXResourcesBuildPhase section */
		258A2D672B8EF4E400A19606 /* Resources */ = {
			isa = PBXResourcesBuildPhase;
			buildActionMask = 2147483647;
			files = (
				258A2D742B8EF4E600A19606 /* Preview Assets.xcassets in Resources */,
				258A2D712B8EF4E600A19606 /* Assets.xcassets in Resources */,
			);
			runOnlyForDeploymentPostprocessing = 0;
		};
		258A2D772B8EF4E600A19606 /* Resources */ = {
			isa = PBXResourcesBuildPhase;
			buildActionMask = 2147483647;
			files = (
			);
			runOnlyForDeploymentPostprocessing = 0;
		};
		258A2D812B8EF4E600A19606 /* Resources */ = {
			isa = PBXResourcesBuildPhase;
			buildActionMask = 2147483647;
			files = (
			);
			runOnlyForDeploymentPostprocessing = 0;
		};
/* End PBXResourcesBuildPhase section */

/* Begin PBXSourcesBuildPhase section */
		258A2D652B8EF4E400A19606 /* Sources */ = {
			isa = PBXSourcesBuildPhase;
			buildActionMask = 2147483647;
			files = (
				258A2D6F2B8EF4E400A19606 /* ContentView.swift in Sources */,
				258A2D6D2B8EF4E400A19606 /* StackAppApp.swift in Sources */,
			);
			runOnlyForDeploymentPostprocessing = 0;
		};
		258A2D752B8EF4E600A19606 /* Sources */ = {
			isa = PBXSourcesBuildPhase;
			buildActionMask = 2147483647;
			files = (
				258A2D7E2B8EF4E600A19606 /* StackAppTests.swift in Sources */,
			);
			runOnlyForDeploymentPostprocessing = 0;
		};
		258A2D7F2B8EF4E600A19606 /* Sources */ = {
			isa = PBXSourcesBuildPhase;
			buildActionMask = 2147483647;
			files = (
				258A2D8A2B8EF4E600A19606 /* StackAppUITestsLaunchTests.swift in Sources */,
				258A2D882B8EF4E600A19606 /* StackAppUITests.swift in Sources */,
			);
			runOnlyForDeploymentPostprocessing = 0;
		};
/* End PBXSourcesBuildPhase section */

/* Begin PBXTargetDependency section */
		258A2D7B2B8EF4E600A19606 /* PBXTargetDependency */ = {
			isa = PBXTargetDependency;
			target = 258A2D682B8EF4E400A19606 /* StackApp */;
			targetProxy = 258A2D7A2B8EF4E600A19606 /* PBXContainerItemProxy */;
		};
		258A2D852B8EF4E600A19606 /* PBXTargetDependency */ = {
			isa = PBXTargetDependency;
			target = 258A2D682B8EF4E400A19606 /* StackApp */;
			targetProxy = 258A2D842B8EF4E600A19606 /* PBXContainerItemProxy */;
		};
/* End PBXTargetDependency section */

/* Begin XCBuildConfiguration section */
		258A2D8B2B8EF4E600A19606 /* Debug */ = {
			isa = XCBuildConfiguration;
			buildSettings = {
				ALWAYS_SEARCH_USER_PATHS = NO;
				ASSETCATALOG_COMPILER_GENERATE_SWIFT_ASSET_SYMBOL_EXTENSIONS = YES;
				CLANG_ANALYZER_NONNULL = YES;
				CLANG_ANALYZER_NUMBER_OBJECT_CONVERSION = YES_AGGRESSIVE;
				CLANG_CXX_LANGUAGE_STANDARD = "gnu++20";
				CLANG_ENABLE_MODULES = YES;
				CLANG_ENABLE_OBJC_ARC = YES;
				CLANG_ENABLE_OBJC_WEAK = YES;
				CLANG_WARN_BLOCK_CAPTURE_AUTORELEASING = YES;
				CLANG_WARN_BOOL_CONVERSION = YES;
				CLANG_WARN_COMMA = YES;
				CLANG_WARN_CONSTANT_CONVERSION = YES;
				CLANG_WARN_DEPRECATED_OBJC_IMPLEMENTATIONS = YES;
				CLANG_WARN_DIRECT_OBJC_ISA_USAGE = YES_ERROR;
				CLANG_WARN_DOCUMENTATION_COMMENTS = YES;
				CLANG_WARN_EMPTY_BODY = YES;
				CLANG_WARN_ENUM_CONVERSION = YES;
				CLANG_WARN_INFINITE_RECURSION = YES;
				CLANG_WARN_INT_CONVERSION = YES;
				CLANG_WARN_NON_LITERAL_NULL_CONVERSION = YES;
				CLANG_WARN_OBJC_IMPLICIT_RETAIN_SELF = YES;
				CLANG_WARN_OBJC_LITERAL_CONVERSION = YES;
				CLANG_WARN_OBJC_ROOT_CLASS = YES_ERROR;
				CLANG_WARN_QUOTED_INCLUDE_IN_FRAMEWORK_HEADER = YES;
				CLANG_WARN_RANGE_LOOP_ANALYSIS = YES;
				CLANG_WARN_STRICT_PROTOTYPES = YES;
				CLANG_WARN_SUSPICIOUS_MOVE = YES;
				CLANG_WARN_UNGUARDED_AVAILABILITY = YES_AGGRESSIVE;
				CLANG_WARN_UNREACHABLE_CODE = YES;
				CLANG_WARN__DUPLICATE_METHOD_MATCH = YES;
				COPY_PHASE_STRIP = NO;
				DEBUG_INFORMATION_FORMAT = dwarf;
				ENABLE_STRICT_OBJC_MSGSEND = YES;
				ENABLE_TESTABILITY = YES;
				ENABLE_USER_SCRIPT_SANDBOXING = YES;
				GCC_C_LANGUAGE_STANDARD = gnu17;
				GCC_DYNAMIC_NO_PIC = NO;
				GCC_NO_COMMON_BLOCKS = YES;
				GCC_OPTIMIZATION_LEVEL = 0;
				GCC_PREPROCESSOR_DEFINITIONS = (
					"DEBUG=1",
					"$(inherited)",
				);
				GCC_WARN_64_TO_32_BIT_CONVERSION = YES;
				GCC_WARN_ABOUT_RETURN_TYPE = YES_ERROR;
				GCC_WARN_UNDECLARED_SELECTOR = YES;
				GCC_WARN_UNINITIALIZED_AUTOS = YES_AGGRESSIVE;
				GCC_WARN_UNUSED_FUNCTION = YES;
				GCC_WARN_UNUSED_VARIABLE = YES;
				IPHONEOS_DEPLOYMENT_TARGET = 17.2;
				LOCALIZATION_PREFERS_STRING_CATALOGS = YES;
				MTL_ENABLE_DEBUG_INFO = INCLUDE_SOURCE;
				MTL_FAST_MATH = YES;
				ONLY_ACTIVE_ARCH = YES;
				SDKROOT = iphoneos;
				SWIFT_ACTIVE_COMPILATION_CONDITIONS = "DEBUG $(inherited)";
				SWIFT_OPTIMIZATION_LEVEL = "-Onone";
			};
			name = Debug;
		};
		258A2D8C2B8EF4E600A19606 /* Release */ = {
			isa = XCBuildConfiguration;
			buildSettings = {
				ALWAYS_SEARCH_USER_PATHS = NO;
				ASSETCATALOG_COMPILER_GENERATE_SWIFT_ASSET_SYMBOL_EXTENSIONS = YES;
				CLANG_ANALYZER_NONNULL = YES;
				CLANG_ANALYZER_NUMBER_OBJECT_CONVERSION = YES_AGGRESSIVE;
				CLANG_CXX_LANGUAGE_STANDARD = "gnu++20";
				CLANG_ENABLE_MODULES = YES;
				CLANG_ENABLE_OBJC_ARC = YES;
				CLANG_ENABLE_OBJC_WEAK = YES;
				CLANG_WARN_BLOCK_CAPTURE_AUTORELEASING = YES;
				CLANG_WARN_BOOL_CONVERSION = YES;
				CLANG_WARN_COMMA = YES;
				CLANG_WARN_CONSTANT_CONVERSION = YES;
				CLANG_WARN_DEPRECATED_OBJC_IMPLEMENTATIONS = YES;
				CLANG_WARN_DIRECT_OBJC_ISA_USAGE = YES_ERROR;
				CLANG_WARN_DOCUMENTATION_COMMENTS = YES;
				CLANG_WARN_EMPTY_BODY = YES;
				CLANG_WARN_ENUM_CONVERSION = YES;
				CLANG_WARN_INFINITE_RECURSION = YES;
				CLANG_WARN_INT_CONVERSION = YES;
				CLANG_WARN_NON_LITERAL_NULL_CONVERSION = YES;
				CLANG_WARN_OBJC_IMPLICIT_RETAIN_SELF = YES;
				CLANG_WARN_OBJC_LITERAL_CONVERSION = YES;
				CLANG_WARN_OBJC_ROOT_CLASS = YES_ERROR;
				CLANG_WARN_QUOTED_INCLUDE_IN_FRAMEWORK_HEADER = YES;
				CLANG_WARN_RANGE_LOOP_ANALYSIS = YES;
				CLANG_WARN_STRICT_PROTOTYPES = YES;
				CLANG_WARN_SUSPICIOUS_MOVE = YES;
				CLANG_WARN_UNGUARDED_AVAILABILITY = YES_AGGRESSIVE;
				CLANG_WARN_UNREACHABLE_CODE = YES;
				CLANG_WARN__DUPLICATE_METHOD_MATCH = YES;
				COPY_PHASE_STRIP = NO;
				DEBUG_INFORMATION_FORMAT = "dwarf-with-dsym";
				ENABLE_NS_ASSERTIONS = NO;
				ENABLE_STRICT_OBJC_MSGSEND = YES;
				ENABLE_USER_SCRIPT_SANDBOXING = YES;
				GCC_C_LANGUAGE_STANDARD = gnu17;
				GCC_NO_COMMON_BLOCKS = YES;
				GCC_WARN_64_TO_32_BIT_CONVERSION = YES;
				GCC_WARN_ABOUT_RETURN_TYPE = YES_ERROR;
				GCC_WARN_UNDECLARED_SELECTOR = YES;
				GCC_WARN_UNINITIALIZED_AUTOS = YES_AGGRESSIVE;
				GCC_WARN_UNUSED_FUNCTION = YES;
				GCC_WARN_UNUSED_VARIABLE = YES;
				IPHONEOS_DEPLOYMENT_TARGET = 17.2;
				LOCALIZATION_PREFERS_STRING_CATALOGS = YES;
				MTL_ENABLE_DEBUG_INFO = NO;
				MTL_FAST_MATH = YES;
				SDKROOT = iphoneos;
				SWIFT_COMPILATION_MODE = wholemodule;
				VALIDATE_PRODUCT = YES;
			};
			name = Release;
		};
		258A2D8E2B8EF4E600A19606 /* Debug */ = {
			isa = XCBuildConfiguration;
			buildSettings = {
				ASSETCATALOG_COMPILER_APPICON_NAME = AppIcon;
				ASSETCATALOG_COMPILER_GLOBAL_ACCENT_COLOR_NAME = AccentColor;
				CODE_SIGN_STYLE = Automatic;
				CURRENT_PROJECT_VERSION = 1;
				DEVELOPMENT_ASSET_PATHS = "\"StackApp/Preview Content\"";
				ENABLE_PREVIEWS = YES;
				GENERATE_INFOPLIST_FILE = YES;
				INFOPLIST_KEY_UIApplicationSceneManifest_Generation = YES;
				INFOPLIST_KEY_UIApplicationSupportsIndirectInputEvents = YES;
				INFOPLIST_KEY_UILaunchScreen_Generation = YES;
				INFOPLIST_KEY_UISupportedInterfaceOrientations_iPad = "UIInterfaceOrientationPortrait UIInterfaceOrientationPortraitUpsideDown UIInterfaceOrientationLandscapeLeft UIInterfaceOrientationLandscapeRight";
				INFOPLIST_KEY_UISupportedInterfaceOrientations_iPhone = "UIInterfaceOrientationPortrait UIInterfaceOrientationLandscapeLeft UIInterfaceOrientationLandscapeRight";
				LD_RUNPATH_SEARCH_PATHS = (
					"$(inherited)",
					"@executable_path/Frameworks",
				);
				MARKETING_VERSION = 1.0;
				PRODUCT_BUNDLE_IDENTIFIER = com.parrisj.StackApp;
				PRODUCT_NAME = "$(TARGET_NAME)";
				SWIFT_EMIT_LOC_STRINGS = YES;
				SWIFT_VERSION = 5.0;
				TARGETED_DEVICE_FAMILY = "1,2";
			};
			name = Debug;
		};
		258A2D8F2B8EF4E600A19606 /* Release */ = {
			isa = XCBuildConfiguration;
			buildSettings = {
				ASSETCATALOG_COMPILER_APPICON_NAME = AppIcon;
				ASSETCATALOG_COMPILER_GLOBAL_ACCENT_COLOR_NAME = AccentColor;
				CODE_SIGN_STYLE = Automatic;
				CURRENT_PROJECT_VERSION = 1;
				DEVELOPMENT_ASSET_PATHS = "\"StackApp/Preview Content\"";
				ENABLE_PREVIEWS = YES;
				GENERATE_INFOPLIST_FILE = YES;
				INFOPLIST_KEY_UIApplicationSceneManifest_Generation = YES;
				INFOPLIST_KEY_UIApplicationSupportsIndirectInputEvents = YES;
				INFOPLIST_KEY_UILaunchScreen_Generation = YES;
				INFOPLIST_KEY_UISupportedInterfaceOrientations_iPad = "UIInterfaceOrientationPortrait UIInterfaceOrientationPortraitUpsideDown UIInterfaceOrientationLandscapeLeft UIInterfaceOrientationLandscapeRight";
				INFOPLIST_KEY_UISupportedInterfaceOrientations_iPhone = "UIInterfaceOrientationPortrait UIInterfaceOrientationLandscapeLeft UIInterfaceOrientationLandscapeRight";
				LD_RUNPATH_SEARCH_PATHS = (
					"$(inherited)",
					"@executable_path/Frameworks",
				);
				MARKETING_VERSION = 1.0;
				PRODUCT_BUNDLE_IDENTIFIER = com.parrisj.StackApp;
				PRODUCT_NAME = "$(TARGET_NAME)";
				SWIFT_EMIT_LOC_STRINGS = YES;
				SWIFT_VERSION = 5.0;
				TARGETED_DEVICE_FAMILY = "1,2";
			};
			name = Release;
		};
		258A2D912B8EF4E600A19606 /* Debug */ = {
			isa = XCBuildConfiguration;
			buildSettings = {
				ALWAYS_EMBED_SWIFT_STANDARD_LIBRARIES = YES;
				BUNDLE_LOADER = "$(TEST_HOST)";
				CODE_SIGN_STYLE = Automatic;
				CURRENT_PROJECT_VERSION = 1;
				GENERATE_INFOPLIST_FILE = YES;
				IPHONEOS_DEPLOYMENT_TARGET = 17.2;
				MARKETING_VERSION = 1.0;
				PRODUCT_BUNDLE_IDENTIFIER = com.parrisj.StackAppTests;
				PRODUCT_NAME = "$(TARGET_NAME)";
				SWIFT_EMIT_LOC_STRINGS = NO;
				SWIFT_VERSION = 5.0;
				TARGETED_DEVICE_FAMILY = "1,2";
				TEST_HOST = "$(BUILT_PRODUCTS_DIR)/StackApp.app/$(BUNDLE_EXECUTABLE_FOLDER_PATH)/StackApp";
			};
			name = Debug;
		};
		258A2D922B8EF4E600A19606 /* Release */ = {
			isa = XCBuildConfiguration;
			buildSettings = {
				ALWAYS_EMBED_SWIFT_STANDARD_LIBRARIES = YES;
				BUNDLE_LOADER = "$(TEST_HOST)";
				CODE_SIGN_STYLE = Automatic;
				CURRENT_PROJECT_VERSION = 1;
				GENERATE_INFOPLIST_FILE = YES;
				IPHONEOS_DEPLOYMENT_TARGET = 17.2;
				MARKETING_VERSION = 1.0;
				PRODUCT_BUNDLE_IDENTIFIER = com.parrisj.StackAppTests;
				PRODUCT_NAME = "$(TARGET_NAME)";
				SWIFT_EMIT_LOC_STRINGS = NO;
				SWIFT_VERSION = 5.0;
				TARGETED_DEVICE_FAMILY = "1,2";
				TEST_HOST = "$(BUILT_PRODUCTS_DIR)/StackApp.app/$(BUNDLE_EXECUTABLE_FOLDER_PATH)/StackApp";
			};
			name = Release;
		};
		258A2D942B8EF4E600A19606 /* Debug */ = {
			isa = XCBuildConfiguration;
			buildSettings = {
				ALWAYS_EMBED_SWIFT_STANDARD_LIBRARIES = YES;
				CODE_SIGN_STYLE = Automatic;
				CURRENT_PROJECT_VERSION = 1;
				GENERATE_INFOPLIST_FILE = YES;
				MARKETING_VERSION = 1.0;
				PRODUCT_BUNDLE_IDENTIFIER = com.parrisj.StackAppUITests;
				PRODUCT_NAME = "$(TARGET_NAME)";
				SWIFT_EMIT_LOC_STRINGS = NO;
				SWIFT_VERSION = 5.0;
				TARGETED_DEVICE_FAMILY = "1,2";
				TEST_TARGET_NAME = StackApp;
			};
			name = Debug;
		};
		258A2D952B8EF4E600A19606 /* Release */ = {
			isa = XCBuildConfiguration;
			buildSettings = {
				ALWAYS_EMBED_SWIFT_STANDARD_LIBRARIES = YES;
				CODE_SIGN_STYLE = Automatic;
				CURRENT_PROJECT_VERSION = 1;
				GENERATE_INFOPLIST_FILE = YES;
				MARKETING_VERSION = 1.0;
				PRODUCT_BUNDLE_IDENTIFIER = com.parrisj.StackAppUITests;
				PRODUCT_NAME = "$(TARGET_NAME)";
				SWIFT_EMIT_LOC_STRINGS = NO;
				SWIFT_VERSION = 5.0;
				TARGETED_DEVICE_FAMILY = "1,2";
				TEST_TARGET_NAME = StackApp;
			};
			name = Release;
		};
/* End XCBuildConfiguration section */

/* Begin XCConfigurationList section */
		258A2D642B8EF4E400A19606 /* Build configuration list for PBXProject "StackApp" */ = {
			isa = XCConfigurationList;
			buildConfigurations = (
				258A2D8B2B8EF4E600A19606 /* Debug */,
				258A2D8C2B8EF4E600A19606 /* Release */,
			);
			defaultConfigurationIsVisible = 0;
			defaultConfigurationName = Release;
		};
		258A2D8D2B8EF4E600A19606 /* Build configuration list for PBXNativeTarget "StackApp" */ = {
			isa = XCConfigurationList;
			buildConfigurations = (
				258A2D8E2B8EF4E600A19606 /* Debug */,
				258A2D8F2B8EF4E600A19606 /* Release */,
			);
			defaultConfigurationIsVisible = 0;
			defaultConfigurationName = Release;
		};
		258A2D902B8EF4E600A19606 /* Build configuration list for PBXNativeTarget "StackAppTests" */ = {
			isa = XCConfigurationList;
			buildConfigurations = (
				258A2D912B8EF4E600A19606 /* Debug */,
				258A2D922B8EF4E600A19606 /* Release */,
			);
			defaultConfigurationIsVisible = 0;
			defaultConfigurationName = Release;
		};
		258A2D932B8EF4E600A19606 /* Build configuration list for PBXNativeTarget "StackAppUITests" */ = {
			isa = XCConfigurationList;
			buildConfigurations = (
				258A2D942B8EF4E600A19606 /* Debug */,
				258A2D952B8EF4E600A19606 /* Release */,
			);
			defaultConfigurationIsVisible = 0;
			defaultConfigurationName = Release;
		};
/* End XCConfigurationList section */
	};
	rootObject = 258A2D612B8EF4E400A19606 /* Project object */;
}
